// !$*UTF8*$!
{
	archiveVersion = 1;
	classes = {
	};
	objectVersion = 46;
	objects = {

/* Begin PBXBuildFile section */
		AD22BCD2199FE1A700887EBC /* AppDelegate.swift in Sources */ = {isa = PBXBuildFile; fileRef = AD22BCD1199FE1A700887EBC /* AppDelegate.swift */; };
		AD22BCD4199FE1A700887EBC /* ViewController.swift in Sources */ = {isa = PBXBuildFile; fileRef = AD22BCD3199FE1A700887EBC /* ViewController.swift */; };
		AD22BCD7199FE1A700887EBC /* Main.storyboard in Resources */ = {isa = PBXBuildFile; fileRef = AD22BCD5199FE1A700887EBC /* Main.storyboard */; };
		AD22BCD9199FE1A700887EBC /* Images.xcassets in Resources */ = {isa = PBXBuildFile; fileRef = AD22BCD8199FE1A700887EBC /* Images.xcassets */; };
		AD22BCE5199FE1A700887EBC /* AbacoTests.swift in Sources */ = {isa = PBXBuildFile; fileRef = AD22BCE4199FE1A700887EBC /* AbacoTests.swift */; };
/* End PBXBuildFile section */

/* Begin PBXContainerItemProxy section */
		AD22BCDF199FE1A700887EBC /* PBXContainerItemProxy */ = {
			isa = PBXContainerItemProxy;
			containerPortal = AD22BCC4199FE1A700887EBC /* Project object */;
			proxyType = 1;
			remoteGlobalIDString = AD22BCCB199FE1A700887EBC;
			remoteInfo = Abaco;
		};
/* End PBXContainerItemProxy section */

/* Begin PBXFileReference section */
		AD22BCCC199FE1A700887EBC /* Abaco.app */ = {isa = PBXFileReference; explicitFileType = wrapper.application; includeInIndex = 0; path = Abaco.app; sourceTree = BUILT_PRODUCTS_DIR; };
		AD22BCD0199FE1A700887EBC /* Info.plist */ = {isa = PBXFileReference; lastKnownFileType = text.plist.xml; path = Info.plist; sourceTree = "<group>"; };
		AD22BCD1199FE1A700887EBC /* AppDelegate.swift */ = {isa = PBXFileReference; lastKnownFileType = sourcecode.swift; path = AppDelegate.swift; sourceTree = "<group>"; };
		AD22BCD3199FE1A700887EBC /* ViewController.swift */ = {isa = PBXFileReference; lastKnownFileType = sourcecode.swift; path = ViewController.swift; sourceTree = "<group>"; };
		AD22BCD6199FE1A700887EBC /* Base */ = {isa = PBXFileReference; lastKnownFileType = file.storyboard; name = Base; path = Base.lproj/Main.storyboard; sourceTree = "<group>"; };
		AD22BCD8199FE1A700887EBC /* Images.xcassets */ = {isa = PBXFileReference; lastKnownFileType = folder.assetcatalog; path = Images.xcassets; sourceTree = "<group>"; };
		AD22BCDE199FE1A700887EBC /* AbacoTests.xctest */ = {isa = PBXFileReference; explicitFileType = wrapper.cfbundle; includeInIndex = 0; path = AbacoTests.xctest; sourceTree = BUILT_PRODUCTS_DIR; };
		AD22BCE3199FE1A700887EBC /* Info.plist */ = {isa = PBXFileReference; lastKnownFileType = text.plist.xml; path = Info.plist; sourceTree = "<group>"; };
		AD22BCE4199FE1A700887EBC /* AbacoTests.swift */ = {isa = PBXFileReference; lastKnownFileType = sourcecode.swift; path = AbacoTests.swift; sourceTree = "<group>"; };
/* End PBXFileReference section */

/* Begin PBXFrameworksBuildPhase section */
		AD22BCC9199FE1A700887EBC /* Frameworks */ = {
			isa = PBXFrameworksBuildPhase;
			buildActionMask = 2147483647;
			files = (
			);
			runOnlyForDeploymentPostprocessing = 0;
		};
		AD22BCDB199FE1A700887EBC /* Frameworks */ = {
			isa = PBXFrameworksBuildPhase;
			buildActionMask = 2147483647;
			files = (
			);
			runOnlyForDeploymentPostprocessing = 0;
		};
/* End PBXFrameworksBuildPhase section */

/* Begin PBXGroup section */
		AD22BCC3199FE1A700887EBC = {
			isa = PBXGroup;
			children = (
				AD22BCCE199FE1A700887EBC /* Abaco */,
				AD22BCE1199FE1A700887EBC /* AbacoTests */,
				AD22BCCD199FE1A700887EBC /* Products */,
			);
			sourceTree = "<group>";
		};
		AD22BCCD199FE1A700887EBC /* Products */ = {
			isa = PBXGroup;
			children = (
				AD22BCCC199FE1A700887EBC /* Abaco.app */,
				AD22BCDE199FE1A700887EBC /* AbacoTests.xctest */,
			);
			name = Products;
			sourceTree = "<group>";
		};
		AD22BCCE199FE1A700887EBC /* Abaco */ = {
			isa = PBXGroup;
			children = (
				AD22BCD1199FE1A700887EBC /* AppDelegate.swift */,
				AD22BCD3199FE1A700887EBC /* ViewController.swift */,
				AD22BCD5199FE1A700887EBC /* Main.storyboard */,
				AD22BCD8199FE1A700887EBC /* Images.xcassets */,
				AD22BCCF199FE1A700887EBC /* Supporting Files */,
			);
			path = Abaco;
			sourceTree = "<group>";
		};
		AD22BCCF199FE1A700887EBC /* Supporting Files */ = {
			isa = PBXGroup;
			children = (
				AD22BCD0199FE1A700887EBC /* Info.plist */,
			);
			name = "Supporting Files";
			sourceTree = "<group>";
		};
		AD22BCE1199FE1A700887EBC /* AbacoTests */ = {
			isa = PBXGroup;
			children = (
				AD22BCE4199FE1A700887EBC /* AbacoTests.swift */,
				AD22BCE2199FE1A700887EBC /* Supporting Files */,
			);
			path = AbacoTests;
			sourceTree = "<group>";
		};
		AD22BCE2199FE1A700887EBC /* Supporting Files */ = {
			isa = PBXGroup;
			children = (
				AD22BCE3199FE1A700887EBC /* Info.plist */,
			);
			name = "Supporting Files";
			sourceTree = "<group>";
		};
/* End PBXGroup section */

/* Begin PBXNativeTarget section */
		AD22BCCB199FE1A700887EBC /* Abaco */ = {
			isa = PBXNativeTarget;
			buildConfigurationList = AD22BCE8199FE1A700887EBC /* Build configuration list for PBXNativeTarget "Abaco" */;
			buildPhases = (
				AD22BCC8199FE1A700887EBC /* Sources */,
				AD22BCC9199FE1A700887EBC /* Frameworks */,
				AD22BCCA199FE1A700887EBC /* Resources */,
			);
			buildRules = (
			);
			dependencies = (
			);
			name = Abaco;
			productName = Abaco;
			productReference = AD22BCCC199FE1A700887EBC /* Abaco.app */;
			productType = "com.apple.product-type.application";
		};
		AD22BCDD199FE1A700887EBC /* AbacoTests */ = {
			isa = PBXNativeTarget;
			buildConfigurationList = AD22BCEB199FE1A700887EBC /* Build configuration list for PBXNativeTarget "AbacoTests" */;
			buildPhases = (
				AD22BCDA199FE1A700887EBC /* Sources */,
				AD22BCDB199FE1A700887EBC /* Frameworks */,
				AD22BCDC199FE1A700887EBC /* Resources */,
			);
			buildRules = (
			);
			dependencies = (
				AD22BCE0199FE1A700887EBC /* PBXTargetDependency */,
			);
			name = AbacoTests;
			productName = AbacoTests;
			productReference = AD22BCDE199FE1A700887EBC /* AbacoTests.xctest */;
			productType = "com.apple.product-type.bundle.unit-test";
		};
/* End PBXNativeTarget section */

/* Begin PBXProject section */
		AD22BCC4199FE1A700887EBC /* Project object */ = {
			isa = PBXProject;
			attributes = {
				LastUpgradeCheck = 0600;
				ORGANIZATIONNAME = "Igor Ferreira";
				TargetAttributes = {
					AD22BCCB199FE1A700887EBC = {
						CreatedOnToolsVersion = 6.0;
					};
					AD22BCDD199FE1A700887EBC = {
						CreatedOnToolsVersion = 6.0;
						TestTargetID = AD22BCCB199FE1A700887EBC;
					};
				};
			};
			buildConfigurationList = AD22BCC7199FE1A700887EBC /* Build configuration list for PBXProject "Abaco" */;
			compatibilityVersion = "Xcode 3.2";
			developmentRegion = English;
			hasScannedForEncodings = 0;
			knownRegions = (
				en,
				Base,
			);
			mainGroup = AD22BCC3199FE1A700887EBC;
			productRefGroup = AD22BCCD199FE1A700887EBC /* Products */;
			projectDirPath = "";
			projectRoot = "";
			targets = (
				AD22BCCB199FE1A700887EBC /* Abaco */,
				AD22BCDD199FE1A700887EBC /* AbacoTests */,
			);
		};
/* End PBXProject section */

/* Begin PBXResourcesBuildPhase section */
		AD22BCCA199FE1A700887EBC /* Resources */ = {
			isa = PBXResourcesBuildPhase;
			buildActionMask = 2147483647;
			files = (
				AD22BCD7199FE1A700887EBC /* Main.storyboard in Resources */,
				AD22BCD9199FE1A700887EBC /* Images.xcassets in Resources */,
			);
			runOnlyForDeploymentPostprocessing = 0;
		};
		AD22BCDC199FE1A700887EBC /* Resources */ = {
			isa = PBXResourcesBuildPhase;
			buildActionMask = 2147483647;
			files = (
			);
			runOnlyForDeploymentPostprocessing = 0;
		};
/* End PBXResourcesBuildPhase section */

/* Begin PBXSourcesBuildPhase section */
		AD22BCC8199FE1A700887EBC /* Sources */ = {
			isa = PBXSourcesBuildPhase;
			buildActionMask = 2147483647;
			files = (
				AD22BCD4199FE1A700887EBC /* ViewController.swift in Sources */,
				AD22BCD2199FE1A700887EBC /* AppDelegate.swift in Sources */,
			);
			runOnlyForDeploymentPostprocessing = 0;
		};
		AD22BCDA199FE1A700887EBC /* Sources */ = {
			isa = PBXSourcesBuildPhase;
			buildActionMask = 2147483647;
			files = (
				AD22BCE5199FE1A700887EBC /* AbacoTests.swift in Sources */,
			);
			runOnlyForDeploymentPostprocessing = 0;
		};
/* End PBXSourcesBuildPhase section */

/* Begin PBXTargetDependency section */
		AD22BCE0199FE1A700887EBC /* PBXTargetDependency */ = {
			isa = PBXTargetDependency;
			target = AD22BCCB199FE1A700887EBC /* Abaco */;
			targetProxy = AD22BCDF199FE1A700887EBC /* PBXContainerItemProxy */;
		};
/* End PBXTargetDependency section */

/* Begin PBXVariantGroup section */
		AD22BCD5199FE1A700887EBC /* Main.storyboard */ = {
			isa = PBXVariantGroup;
			children = (
				AD22BCD6199FE1A700887EBC /* Base */,
			);
			name = Main.storyboard;
			sourceTree = "<group>";
		};
/* End PBXVariantGroup section */

/* Begin XCBuildConfiguration section */
		AD22BCE6199FE1A700887EBC /* Debug */ = {
			isa = XCBuildConfiguration;
			buildSettings = {
				ALWAYS_SEARCH_USER_PATHS = NO;
				CLANG_CXX_LANGUAGE_STANDARD = "gnu++0x";
				CLANG_CXX_LIBRARY = "libc++";
				CLANG_ENABLE_MODULES = YES;
				CLANG_ENABLE_OBJC_ARC = YES;
				CLANG_WARN_BOOL_CONVERSION = YES;
				CLANG_WARN_CONSTANT_CONVERSION = YES;
				CLANG_WARN_DIRECT_OBJC_ISA_USAGE = YES_ERROR;
				CLANG_WARN_EMPTY_BODY = YES;
				CLANG_WARN_ENUM_CONVERSION = YES;
				CLANG_WARN_INT_CONVERSION = YES;
				CLANG_WARN_OBJC_ROOT_CLASS = YES_ERROR;
				CLANG_WARN_UNREACHABLE_CODE = YES;
				CLANG_WARN__DUPLICATE_METHOD_MATCH = YES;
				"CODE_SIGN_IDENTITY[sdk=iphoneos*]" = "iPhone Developer";
				COPY_PHASE_STRIP = NO;
				ENABLE_STRICT_OBJC_MSGSEND = YES;
				GCC_C_LANGUAGE_STANDARD = gnu99;
				GCC_DYNAMIC_NO_PIC = NO;
				GCC_OPTIMIZATION_LEVEL = 0;
				GCC_PREPROCESSOR_DEFINITIONS = (
					"DEBUG=1",
					"$(inherited)",
				);
				GCC_SYMBOLS_PRIVATE_EXTERN = NO;
				GCC_WARN_64_TO_32_BIT_CONVERSION = YES;
				GCC_WARN_ABOUT_RETURN_TYPE = YES_ERROR;
				GCC_WARN_UNDECLARED_SELECTOR = YES;
				GCC_WARN_UNINITIALIZED_AUTOS = YES_AGGRESSIVE;
				GCC_WARN_UNUSED_FUNCTION = YES;
				GCC_WARN_UNUSED_VARIABLE = YES;
				IPHONEOS_DEPLOYMENT_TARGET = 8.0;
				MTL_ENABLE_DEBUG_INFO = YES;
				ONLY_ACTIVE_ARCH = YES;
				SDKROOT = iphoneos;
				SWIFT_OPTIMIZATION_LEVEL = "-Onone";
			};
			name = Debug;
		};
		AD22BCE7199FE1A700887EBC /* Release */ = {
			isa = XCBuildConfiguration;
			buildSettings = {
				ALWAYS_SEARCH_USER_PATHS = NO;
				CLANG_CXX_LANGUAGE_STANDARD = "gnu++0x";
				CLANG_CXX_LIBRARY = "libc++";
				CLANG_ENABLE_MODULES = YES;
				CLANG_ENABLE_OBJC_ARC = YES;
				CLANG_WARN_BOOL_CONVERSION = YES;
				CLANG_WARN_CONSTANT_CONVERSION = YES;
				CLANG_WARN_DIRECT_OBJC_ISA_USAGE = YES_ERROR;
				CLANG_WARN_EMPTY_BODY = YES;
				CLANG_WARN_ENUM_CONVERSION = YES;
				CLANG_WARN_INT_CONVERSION = YES;
				CLANG_WARN_OBJC_ROOT_CLASS = YES_ERROR;
				CLANG_WARN_UNREACHABLE_CODE = YES;
				CLANG_WARN__DUPLICATE_METHOD_MATCH = YES;
				"CODE_SIGN_IDENTITY[sdk=iphoneos*]" = "iPhone Developer";
				COPY_PHASE_STRIP = YES;
				ENABLE_NS_ASSERTIONS = NO;
				ENABLE_STRICT_OBJC_MSGSEND = YES;
				GCC_C_LANGUAGE_STANDARD = gnu99;
				GCC_WARN_64_TO_32_BIT_CONVERSION = YES;
				GCC_WARN_ABOUT_RETURN_TYPE = YES_ERROR;
				GCC_WARN_UNDECLARED_SELECTOR = YES;
				GCC_WARN_UNINITIALIZED_AUTOS = YES_AGGRESSIVE;
				GCC_WARN_UNUSED_FUNCTION = YES;
				GCC_WARN_UNUSED_VARIABLE = YES;
				IPHONEOS_DEPLOYMENT_TARGET = 8.0;
				MTL_ENABLE_DEBUG_INFO = NO;
				SDKROOT = iphoneos;
				VALIDATE_PRODUCT = YES;
			};
			name = Release;
		};
		AD22BCE9199FE1A700887EBC /* Debug */ = {
			isa = XCBuildConfiguration;
			buildSettings = {
				ASSETCATALOG_COMPILER_APPICON_NAME = AppIcon;
				ASSETCATALOG_COMPILER_LAUNCHIMAGE_NAME = LaunchImage;
				INFOPLIST_FILE = Abaco/Info.plist;
				LD_RUNPATH_SEARCH_PATHS = "$(inherited) @executable_path/Frameworks";
				PRODUCT_NAME = "$(TARGET_NAME)";
			};
			name = Debug;
		};
		AD22BCEA199FE1A700887EBC /* Release */ = {
			isa = XCBuildConfiguration;
			buildSettings = {
				ASSETCATALOG_COMPILER_APPICON_NAME = AppIcon;
				ASSETCATALOG_COMPILER_LAUNCHIMAGE_NAME = LaunchImage;
				INFOPLIST_FILE = Abaco/Info.plist;
				LD_RUNPATH_SEARCH_PATHS = "$(inherited) @executable_path/Frameworks";
				PRODUCT_NAME = "$(TARGET_NAME)";
			};
			name = Release;
		};
		AD22BCEC199FE1A700887EBC /* Debug */ = {
			isa = XCBuildConfiguration;
			buildSettings = {
				BUNDLE_LOADER = "$(TEST_HOST)";
				FRAMEWORK_SEARCH_PATHS = (
					"$(SDKROOT)/Developer/Library/Frameworks",
					"$(inherited)",
				);
				GCC_PREPROCESSOR_DEFINITIONS = (
					"DEBUG=1",
					"$(inherited)",
				);
				INFOPLIST_FILE = AbacoTests/Info.plist;
				LD_RUNPATH_SEARCH_PATHS = "$(inherited) @executable_path/Frameworks @loader_path/Frameworks";
				PRODUCT_NAME = "$(TARGET_NAME)";
				TEST_HOST = "$(BUILT_PRODUCTS_DIR)/Abaco.app/Abaco";
			};
			name = Debug;
		};
		AD22BCED199FE1A700887EBC /* Release */ = {
			isa = XCBuildConfiguration;
			buildSettings = {
				BUNDLE_LOADER = "$(TEST_HOST)";
				FRAMEWORK_SEARCH_PATHS = (
					"$(SDKROOT)/Developer/Library/Frameworks",
					"$(inherited)",
				);
				INFOPLIST_FILE = AbacoTests/Info.plist;
				LD_RUNPATH_SEARCH_PATHS = "$(inherited) @executable_path/Frameworks @loader_path/Frameworks";
				PRODUCT_NAME = "$(TARGET_NAME)";
				TEST_HOST = "$(BUILT_PRODUCTS_DIR)/Abaco.app/Abaco";
			};
			name = Release;
		};
/* End XCBuildConfiguration section */

/* Begin XCConfigurationList section */
		AD22BCC7199FE1A700887EBC /* Build configuration list for PBXProject "Abaco" */ = {
			isa = XCConfigurationList;
			buildConfigurations = (
				AD22BCE6199FE1A700887EBC /* Debug */,
				AD22BCE7199FE1A700887EBC /* Release */,
			);
			defaultConfigurationIsVisible = 0;
			defaultConfigurationName = Release;
		};
		AD22BCE8199FE1A700887EBC /* Build configuration list for PBXNativeTarget "Abaco" */ = {
			isa = XCConfigurationList;
			buildConfigurations = (
				AD22BCE9199FE1A700887EBC /* Debug */,
				AD22BCEA199FE1A700887EBC /* Release */,
			);
			defaultConfigurationIsVisible = 0;
		};
		AD22BCEB199FE1A700887EBC /* Build configuration list for PBXNativeTarget "AbacoTests" */ = {
			isa = XCConfigurationList;
			buildConfigurations = (
				AD22BCEC199FE1A700887EBC /* Debug */,
				AD22BCED199FE1A700887EBC /* Release */,
			);
			defaultConfigurationIsVisible = 0;
		};
/* End XCConfigurationList section */
	};
	rootObject = AD22BCC4199FE1A700887EBC /* Project object */;
}
